
Microsoft Visual Studio Solution File, Format Version 12.00
# Visual Studio Version 17
VisualStudioVersion = 17.9.34723.18
MinimumVisualStudioVersion = 10.0.40219.1
Project("{FAE04EC0-301F-11D3-BF4B-00C04F79EFBC}") = "AnalyzorBlazor", "AnalyzorBlazor\AnalyzorBlazor.csproj", "{0B970E2E-2818-4EDC-9E52-BC705F8CBCDE}"
EndProject
Global
	GlobalSection(SolutionConfigurationPlatforms) = preSolution
		Debug|Any CPU = Debug|Any CPU
		Release|Any CPU = Release|Any CPU
	EndGlobalSection
	GlobalSection(ProjectConfigurationPlatforms) = postSolution
		{0B970E2E-2818-4EDC-9E52-BC705F8CBCDE}.Debug|Any CPU.ActiveCfg = Debug|Any CPU
		{0B970E2E-2818-4EDC-9E52-BC705F8CBCDE}.Debug|Any CPU.Build.0 = Debug|Any CPU
		{0B970E2E-2818-4EDC-9E52-BC705F8CBCDE}.Release|Any CPU.ActiveCfg = Release|Any CPU
		{0B970E2E-2818-4EDC-9E52-BC705F8CBCDE}.Release|Any CPU.Build.0 = Release|Any CPU
	EndGlobalSection
	GlobalSection(SolutionProperties) = preSolution
		HideSolutionNode = FALSE
	EndGlobalSection
	GlobalSection(ExtensibilityGlobals) = postSolution
		SolutionGuid = {D83BA930-096A-4FEC-A040-D6F5867A5EB8}
	EndGlobalSection
EndGlobal
